{
  "name": "flexid-examples",
  "version": "1.0.0",
  "lockfileVersion": 2,
  "requires": true,
  "packages": {
    "": {
      "name": "flexid-examples",
      "version": "1.0.0",
      "license": "MIT",
      "dependencies": {
        "flexid": "^0.7.5"
      }
    },
    "node_modules/flexid": {
      "version": "0.7.5",
      "resolved": "https://registry.npmjs.org/flexid/-/flexid-0.7.5.tgz",
      "integrity": "sha512-PLYQBDFWFxCVuht2sSvaUS/m8Epjfi4SrS4Aj2q+MJ+fp0G4gc74Gp38GUIjJGiD/P6PI0sx3T1njo7MPDWHwA==",
      "dependencies": {
        "nanoid": "^3.1.25"
      }
    },
    "node_modules/nanoid": {
      "version": "3.1.25",
      "resolved": "https://registry.npmjs.org/nanoid/-/nanoid-3.1.25.tgz",
      "integrity": "sha512-rdwtIXaXCLFAQbnfqDRnI6jaRHp9fTcYBjtFKE8eezcZ7LuLjhUaQGNeMXf1HmRoCH32CLz6XwX0TtxEOS/A3Q==",
      "bin": {
        "nanoid": "bin/nanoid.cjs"
      },
      "engines": {
        "node": "^10 || ^12 || ^13.7 || ^14 || >=15.0.1"
      }
    }
  },
  "dependencies": {
    "flexid": {
      "version": "0.7.5",
      "resolved": "https://registry.npmjs.org/flexid/-/flexid-0.7.5.tgz",
      "integrity": "sha512-PLYQBDFWFxCVuht2sSvaUS/m8Epjfi4SrS4Aj2q+MJ+fp0G4gc74Gp38GUIjJGiD/P6PI0sx3T1njo7MPDWHwA==",
      "requires": {
        "nanoid": "^3.1.25"
      }
    },
    "nanoid": {
      "version": "3.1.25",
      "resolved": "https://registry.npmjs.org/nanoid/-/nanoid-3.1.25.tgz",
      "integrity": "sha512-rdwtIXaXCLFAQbnfqDRnI6jaRHp9fTcYBjtFKE8eezcZ7LuLjhUaQGNeMXf1HmRoCH32CLz6XwX0TtxEOS/A3Q=="
    }
  }
}
